
Microsoft Visual Studio Solution File, Format Version 12.00
# Visual Studio 14
VisualStudioVersion = 14.0.23107.0
MinimumVisualStudioVersion = 10.0.40219.1
Project("{FAE04EC0-301F-11D3-BF4B-00C04F79EFBC}") = "frpcController", "frpcController\frpcController.csproj", "{FB7B5B46-1BEE-4B6E-99F6-D03BFEBC0955}"
EndProject
Global
	GlobalSection(SolutionConfigurationPlatforms) = preSolution
		Debug|Any CPU = Debug|Any CPU
		Release|Any CPU = Release|Any CPU
	EndGlobalSection
	GlobalSection(ProjectConfigurationPlatforms) = postSolution
		{FB7B5B46-1BEE-4B6E-99F6-D03BFEBC0955}.Debug|Any CPU.ActiveCfg = Debug|Any CPU
		{FB7B5B46-1BEE-4B6E-99F6-D03BFEBC0955}.Debug|Any CPU.Build.0 = Debug|Any CPU
		{FB7B5B46-1BEE-4B6E-99F6-D03BFEBC0955}.Release|Any CPU.ActiveCfg = Release|Any CPU
		{FB7B5B46-1BEE-4B6E-99F6-D03BFEBC0955}.Release|Any CPU.Build.0 = Release|Any CPU
	EndGlobalSection
	GlobalSection(SolutionProperties) = preSolution
		HideSolutionNode = FALSE
	EndGlobalSection
EndGlobal
